
Microsoft Visual Studio Solution File, Format Version 12.00
# Visual Studio Version 16
VisualStudioVersion = 16.0.32802.440
MinimumVisualStudioVersion = 10.0.40219.1
Project("{9A19103F-16F7-4668-BE54-9A1E7A4F7556}") = "MvcCore", "MvcCore\MvcCore.csproj", "{140C84E1-436E-41FD-B741-932503D78CB3}"
EndProject
Project("{FAE04EC0-301F-11D3-BF4B-00C04F79EFBC}") = "WebAPI", "WebAPI\WebAPI.csproj", "{EFCDEA40-8892-4EA6-98D1-24066303E738}"
EndProject
Global
	GlobalSection(SolutionConfigurationPlatforms) = preSolution
		Debug|Any CPU = Debug|Any CPU
		Release|Any CPU = Release|Any CPU
	EndGlobalSection
	GlobalSection(ProjectConfigurationPlatforms) = postSolution
		{140C84E1-436E-41FD-B741-932503D78CB3}.Debug|Any CPU.ActiveCfg = Debug|Any CPU
		{140C84E1-436E-41FD-B741-932503D78CB3}.Debug|Any CPU.Build.0 = Debug|Any CPU
		{140C84E1-436E-41FD-B741-932503D78CB3}.Release|Any CPU.ActiveCfg = Release|Any CPU
		{140C84E1-436E-41FD-B741-932503D78CB3}.Release|Any CPU.Build.0 = Release|Any CPU
		{EFCDEA40-8892-4EA6-98D1-24066303E738}.Debug|Any CPU.ActiveCfg = Debug|Any CPU
		{EFCDEA40-8892-4EA6-98D1-24066303E738}.Debug|Any CPU.Build.0 = Debug|Any CPU
		{EFCDEA40-8892-4EA6-98D1-24066303E738}.Release|Any CPU.ActiveCfg = Release|Any CPU
		{EFCDEA40-8892-4EA6-98D1-24066303E738}.Release|Any CPU.Build.0 = Release|Any CPU
	EndGlobalSection
	GlobalSection(SolutionProperties) = preSolution
		HideSolutionNode = FALSE
	EndGlobalSection
	GlobalSection(ExtensibilityGlobals) = postSolution
		SolutionGuid = {A94E1CC8-FFD2-44F1-B51F-BFFE83FBD841}
	EndGlobalSection
EndGlobal
